{
  "version": 4,
  "terraform_version": "1.8.4",
  "serial": 147,
  "lineage": "3b0b8f2b-8108-e6e5-2989-e300bd5e51e4",
  "outputs": {},
  "resources": [
    {
      "mode": "managed",
      "type": "yandex_compute_instance_group",
      "name": "lamp_group",
      "provider": "provider[\"registry.terraform.io/yandex-cloud/yandex\"]",
      "instances": [
        {
          "schema_version": 0,
          "attributes": {
            "allocation_policy": [
              {
                "instance_tags_pool": [],
                "zones": [
                  "ru-central1-b"
                ]
              }
            ],
            "application_load_balancer": [],
            "created_at": "2025-07-10T14:05:11Z",
            "deletion_protection": false,
            "deploy_policy": [
              {
                "max_creating": 0,
                "max_deleting": 0,
                "max_expansion": 3,
                "max_unavailable": 1,
                "startup_duration": 0,
                "strategy": "proactive"
              }
            ],
            "description": "",
            "folder_id": "b1g8bp1nfdm701n4tb5g",
            "health_check": [
              {
                "healthy_threshold": 2,
                "http_options": [],
                "interval": 10,
                "tcp_options": [
                  {
                    "port": 80
                  }
                ],
                "timeout": 5,
                "unhealthy_threshold": 2
              }
            ],
            "id": "cl13v252pao28n8g3a3k",
            "instance_template": [
              {
                "boot_disk": [
                  {
                    "device_name": "",
                    "disk_id": "",
                    "initialize_params": [
                      {
                        "description": "",
                        "image_id": "fd827b91d99psvq5fjit",
                        "size": 10,
                        "snapshot_id": "",
                        "type": "network-hdd"
                      }
                    ],
                    "mode": "READ_WRITE",
                    "name": ""
                  }
                ],
                "description": "",
                "filesystem": [],
                "hostname": "",
                "labels": {},
                "metadata": {
                  "user-data": "#cloud-config\n\nusers:\n  - name: root\n    shell: /bin/bash\n    sudo: ALL=(ALL) NOPASSWD:ALL\n    ssh-authorized-keys:\n      - ssh-ed25519 AAAAC3NzaC1lZDI1NTE5AAAAIIL089Y5GGOpFLjqBNjSOe0D1Hiuti6VD5ObRVeiGFg9 root@net1\n    packages:\n      - nginx\nwrite_files:\n  - path: /var/www/html/index.html\n    content: |\n      \u003chtml\u003e\n      \u003chead\u003e\u003ctitle\u003eWelcome to LAMP\u003c/title\u003e\u003c/head\u003e\n      \u003cbody\u003e\n         \u003ch1\u003eWelcome to LAMP\u003c/h1\u003e\n         \u003cimg src=\"https://storage.yandexcloud.net/rtes/photo_1.jpg?X-Amz-Algorithm=AWS4-HMAC-SHA256\u0026X-Amz-Credential=YCAJE8zMIf_Q_uHnRX0dyGm_e%2F20250710%2Fru-central1%2Fs3%2Faws4_request\u0026X-Amz-Date=20250710T070619Z\u0026X-Amz-Expires=172800\u0026X-Amz-Signature=08bf8c1315fab71b95191d0787e6709cf97c48d9a58c623c161f127710c79407\u0026X-Amz-SignedHeaders=host\" /\u003e\n      \u003c/body\u003e\n      \u003c/html\u003e\n"
                },
                "metadata_options": [
                  {
                    "aws_v1_http_endpoint": 0,
                    "aws_v1_http_token": 0,
                    "gce_http_endpoint": 0,
                    "gce_http_token": 0
                  }
                ],
                "name": "",
                "network_interface": [
                  {
                    "dns_record": [],
                    "ip_address": "",
                    "ipv4": true,
                    "ipv6": false,
                    "ipv6_address": "",
                    "ipv6_dns_record": [],
                    "nat": false,
                    "nat_dns_record": [],
                    "nat_ip_address": "",
                    "network_id": "",
                    "security_group_ids": null,
                    "subnet_ids": [
                      "e2l9pni0h399mlusejdu"
                    ]
                  }
                ],
                "network_settings": [],
                "placement_policy": [],
                "platform_id": "standard-v1",
                "resources": [
                  {
                    "core_fraction": 5,
                    "cores": 2,
                    "gpus": 0,
                    "memory": 1
                  }
                ],
                "scheduling_policy": [
                  {
                    "preemptible": true
                  }
                ],
                "secondary_disk": [],
                "service_account_id": ""
              }
            ],
            "instances": [
              {
                "fqdn": "cl13v252pao28n8g3a3k-yhos.ru-central1.internal",
                "instance_id": "epdia20tq9b03urr3j3p",
                "instance_tag": "",
                "name": "cl13v252pao28n8g3a3k-yhos",
                "network_interface": [
                  {
                    "index": 0,
                    "ip_address": "192.168.20.29",
                    "ipv4": true,
                    "ipv6": false,
                    "ipv6_address": "",
                    "mac_address": "d0:0d:12:50:81:dd",
                    "nat": false,
                    "nat_ip_address": "",
                    "nat_ip_version": "",
                    "subnet_id": "e2l9pni0h399mlusejdu"
                  }
                ],
                "status": "RUNNING_ACTUAL",
                "status_changed_at": "2025-07-10T14:06:52Z",
                "status_message": "",
                "zone_id": "ru-central1-b"
              },
              {
                "fqdn": "cl13v252pao28n8g3a3k-azyf.ru-central1.internal",
                "instance_id": "epd25gpp57rqobn7r7ns",
                "instance_tag": "",
                "name": "cl13v252pao28n8g3a3k-azyf",
                "network_interface": [
                  {
                    "index": 0,
                    "ip_address": "192.168.20.33",
                    "ipv4": true,
                    "ipv6": false,
                    "ipv6_address": "",
                    "mac_address": "d0:0d:22:c3:39:29",
                    "nat": false,
                    "nat_ip_address": "",
                    "nat_ip_version": "",
                    "subnet_id": "e2l9pni0h399mlusejdu"
                  }
                ],
                "status": "RUNNING_ACTUAL",
                "status_changed_at": "2025-07-10T14:07:40Z",
                "status_message": "",
                "zone_id": "ru-central1-b"
              },
              {
                "fqdn": "cl13v252pao28n8g3a3k-ylyb.ru-central1.internal",
                "instance_id": "epd72mg3k5qkto0a9scm",
                "instance_tag": "",
                "name": "cl13v252pao28n8g3a3k-ylyb",
                "network_interface": [
                  {
                    "index": 0,
                    "ip_address": "192.168.20.22",
                    "ipv4": true,
                    "ipv6": false,
                    "ipv6_address": "",
                    "mac_address": "d0:0d:71:5a:03:a1",
                    "nat": false,
                    "nat_ip_address": "",
                    "nat_ip_version": "",
                    "subnet_id": "e2l9pni0h399mlusejdu"
                  }
                ],
                "status": "RUNNING_ACTUAL",
                "status_changed_at": "2025-07-10T14:07:16Z",
                "status_message": "",
                "zone_id": "ru-central1-b"
              }
            ],
            "labels": null,
            "load_balancer": [
              {
                "ignore_health_checks": false,
                "max_opening_traffic_duration": 0,
                "status_message": "",
                "target_group_description": "",
                "target_group_id": "enp89u7uen75n0c6sibo",
                "target_group_labels": null,
                "target_group_name": "lamp-group"
              }
            ],
            "max_checking_health_duration": 0,
            "name": "lamp-group",
            "scale_policy": [
              {
                "auto_scale": [],
                "fixed_scale": [
                  {
                    "size": 3
                  }
                ],
                "test_auto_scale": []
              }
            ],
            "service_account_id": "aje024bmac07bllpedq1",
            "status": "ACTIVE",
            "timeouts": null,
            "variables": null
          },
          "sensitive_attributes": [],
          "private": "eyJlMmJmYjczMC1lY2FhLTExZTYtOGY4OC0zNDM2M2JjN2M0YzAiOnsiY3JlYXRlIjoxODAwMDAwMDAwMDAwLCJkZWxldGUiOjE4MDAwMDAwMDAwMDAsInVwZGF0ZSI6MTgwMDAwMDAwMDAwMH19",
          "dependencies": [
            "yandex_iam_service_account.sa",
            "yandex_vpc_network.terraform-network",
            "yandex_vpc_subnet.subnet-private"
          ]
        }
      ]
    },
    {
      "mode": "managed",
      "type": "yandex_iam_service_account",
      "name": "sa",
      "provider": "provider[\"registry.terraform.io/yandex-cloud/yandex\"]",
      "instances": [
        {
          "schema_version": 0,
          "attributes": {
            "created_at": "2025-07-10T14:05:06Z",
            "description": "",
            "folder_id": "b1g8bp1nfdm701n4tb5g",
            "id": "aje024bmac07bllpedq1",
            "name": "lamp-serviceuser",
            "timeouts": null
          },
          "sensitive_attributes": [],
          "private": "eyJlMmJmYjczMC1lY2FhLTExZTYtOGY4OC0zNDM2M2JjN2M0YzAiOnsiY3JlYXRlIjo2MDAwMDAwMDAwMCwiZGVsZXRlIjo2MDAwMDAwMDAwMCwidXBkYXRlIjo2MDAwMDAwMDAwMH19"
        }
      ]
    },
    {
      "mode": "managed",
      "type": "yandex_lb_network_load_balancer",
      "name": "balancer",
      "provider": "provider[\"registry.terraform.io/yandex-cloud/yandex\"]",
      "instances": [
        {
          "schema_version": 0,
          "attributes": {
            "allow_zonal_shift": false,
            "attached_target_group": [
              {
                "healthcheck": [
                  {
                    "healthy_threshold": 2,
                    "http_options": [
                      {
                        "path": "/",
                        "port": 80
                      }
                    ],
                    "interval": 10,
                    "name": "public",
                    "tcp_options": [],
                    "timeout": 5,
                    "unhealthy_threshold": 2
                  }
                ],
                "target_group_id": "enp89u7uen75n0c6sibo"
              }
            ],
            "created_at": "2025-07-10T14:07:42Z",
            "deletion_protection": false,
            "description": "",
            "folder_id": "b1g8bp1nfdm701n4tb5g",
            "id": "enpsohp7r0j0l7u4ss55",
            "labels": null,
            "listener": [
              {
                "external_address_spec": [
                  {
                    "address": "84.252.132.211",
                    "ip_version": "ipv4"
                  }
                ],
                "internal_address_spec": [],
                "name": "public",
                "port": 80,
                "protocol": "tcp",
                "target_port": 80
              }
            ],
            "name": "private",
            "region_id": "ru-central1",
            "timeouts": null,
            "type": "external"
          },
          "sensitive_attributes": [],
          "private": "eyJlMmJmYjczMC1lY2FhLTExZTYtOGY4OC0zNDM2M2JjN2M0YzAiOnsiY3JlYXRlIjozMDAwMDAwMDAwMDAsImRlbGV0ZSI6MzAwMDAwMDAwMDAwLCJ1cGRhdGUiOjMwMDAwMDAwMDAwMH19",
          "dependencies": [
            "yandex_compute_instance_group.lamp_group",
            "yandex_iam_service_account.sa",
            "yandex_vpc_network.terraform-network",
            "yandex_vpc_subnet.subnet-private"
          ]
        }
      ]
    },
    {
      "mode": "managed",
      "type": "yandex_resourcemanager_folder_iam_member",
      "name": "sa-editor",
      "provider": "provider[\"registry.terraform.io/yandex-cloud/yandex\"]",
      "instances": [
        {
          "schema_version": 0,
          "attributes": {
            "folder_id": "b1g8bp1nfdm701n4tb5g",
            "id": "b1g8bp1nfdm701n4tb5g/editor/serviceAccount:aje024bmac07bllpedq1",
            "member": "serviceAccount:aje024bmac07bllpedq1",
            "role": "editor",
            "sleep_after": null,
            "timeouts": null
          },
          "sensitive_attributes": [],
          "private": "eyJlMmJmYjczMC1lY2FhLTExZTYtOGY4OC0zNDM2M2JjN2M0YzAiOnsiY3JlYXRlIjo2MDAwMDAwMDAwMCwiZGVmYXVsdCI6NjAwMDAwMDAwMDAsImRlbGV0ZSI6NjAwMDAwMDAwMDAsInJlYWQiOjYwMDAwMDAwMDAwLCJ1cGRhdGUiOjYwMDAwMDAwMDAwfX0=",
          "dependencies": [
            "yandex_iam_service_account.sa"
          ]
        }
      ]
    },
    {
      "mode": "managed",
      "type": "yandex_resourcemanager_folder_iam_member",
      "name": "sa-vpc-user",
      "provider": "provider[\"registry.terraform.io/yandex-cloud/yandex\"]",
      "instances": [
        {
          "schema_version": 0,
          "attributes": {
            "folder_id": "b1g8bp1nfdm701n4tb5g",
            "id": "b1g8bp1nfdm701n4tb5g/vpc.user/serviceAccount:aje024bmac07bllpedq1",
            "member": "serviceAccount:aje024bmac07bllpedq1",
            "role": "vpc.user",
            "sleep_after": null,
            "timeouts": null
          },
          "sensitive_attributes": [],
          "private": "eyJlMmJmYjczMC1lY2FhLTExZTYtOGY4OC0zNDM2M2JjN2M0YzAiOnsiY3JlYXRlIjo2MDAwMDAwMDAwMCwiZGVmYXVsdCI6NjAwMDAwMDAwMDAsImRlbGV0ZSI6NjAwMDAwMDAwMDAsInJlYWQiOjYwMDAwMDAwMDAwLCJ1cGRhdGUiOjYwMDAwMDAwMDAwfX0=",
          "dependencies": [
            "yandex_iam_service_account.sa"
          ]
        }
      ]
    },
    {
      "mode": "managed",
      "type": "yandex_vpc_network",
      "name": "terraform-network",
      "provider": "provider[\"registry.terraform.io/yandex-cloud/yandex\"]",
      "instances": [
        {
          "schema_version": 0,
          "attributes": {
            "created_at": "2025-07-10T14:05:06Z",
            "default_security_group_id": "enp1nhh63t5l1p75vqbj",
            "description": "",
            "folder_id": "b1g8bp1nfdm701n4tb5g",
            "id": "enp70e6rlj9nb14tvdic",
            "labels": {},
            "name": "terraform-network",
            "subnet_ids": [],
            "timeouts": null
          },
          "sensitive_attributes": [],
          "private": "eyJlMmJmYjczMC1lY2FhLTExZTYtOGY4OC0zNDM2M2JjN2M0YzAiOnsiY3JlYXRlIjo2MDAwMDAwMDAwMCwiZGVsZXRlIjo2MDAwMDAwMDAwMCwidXBkYXRlIjo2MDAwMDAwMDAwMH19"
        }
      ]
    },
    {
      "mode": "managed",
      "type": "yandex_vpc_subnet",
      "name": "subnet-private",
      "provider": "provider[\"registry.terraform.io/yandex-cloud/yandex\"]",
      "instances": [
        {
          "schema_version": 0,
          "attributes": {
            "created_at": "2025-07-10T14:05:09Z",
            "description": "",
            "dhcp_options": [],
            "folder_id": "b1g8bp1nfdm701n4tb5g",
            "id": "e2l9pni0h399mlusejdu",
            "labels": {},
            "name": "subnet_private",
            "network_id": "enp70e6rlj9nb14tvdic",
            "route_table_id": "",
            "timeouts": null,
            "v4_cidr_blocks": [
              "192.168.20.0/24"
            ],
            "v6_cidr_blocks": [],
            "zone": "ru-central1-b"
          },
          "sensitive_attributes": [],
          "private": "eyJlMmJmYjczMC1lY2FhLTExZTYtOGY4OC0zNDM2M2JjN2M0YzAiOnsiY3JlYXRlIjoxODAwMDAwMDAwMDAsImRlbGV0ZSI6MTgwMDAwMDAwMDAwLCJ1cGRhdGUiOjE4MDAwMDAwMDAwMH19",
          "dependencies": [
            "yandex_vpc_network.terraform-network"
          ]
        }
      ]
    }
  ],
  "check_results": null
}
